
Microsoft Visual Studio Solution File, Format Version 12.00
# Visual Studio 2013
VisualStudioVersion = 12.0.31101.0
MinimumVisualStudioVersion = 10.0.40219.1
Project("{FAE04EC0-301F-11D3-BF4B-00C04F79EFBC}") = "01.StringsInCSharp", "01.StringsInCSharp\01.StringsInCSharp.csproj", "{B910B414-9532-4148-AD45-A0F89921CC69}"
EndProject
Project("{FAE04EC0-301F-11D3-BF4B-00C04F79EFBC}") = "02.ReverseString", "02.ReverseString\02.ReverseString.csproj", "{CD87B532-D6F1-470A-95E4-6CDE907C57FD}"
EndProject
Project("{FAE04EC0-301F-11D3-BF4B-00C04F79EFBC}") = "03.CorrectBrackets", "03.CorrectBrackets\03.CorrectBrackets.csproj", "{B9166FAF-EA43-45DB-8508-DE2388DEE28C}"
EndProject
Project("{FAE04EC0-301F-11D3-BF4B-00C04F79EFBC}") = "04.SubstringInText", "04.SubstringInText\04.SubstringInText.csproj", "{8701A279-2869-49DF-8723-BE0E4A616833}"
EndProject
Project("{FAE04EC0-301F-11D3-BF4B-00C04F79EFBC}") = "05.ParseTags", "05.ParseTags\05.ParseTags.csproj", "{93E9635A-5E1B-4801-869A-E970C6034E7A}"
EndProject
Project("{FAE04EC0-301F-11D3-BF4B-00C04F79EFBC}") = "06.StringLength", "06.StringLength\06.StringLength.csproj", "{0A5B9A67-3A1B-4450-B713-DF372DBCB821}"
EndProject
Project("{FAE04EC0-301F-11D3-BF4B-00C04F79EFBC}") = "07.Encode_Decode", "07.Encode_Decode\07.Encode_Decode.csproj", "{1241162A-5CF8-4BE5-AEF0-3000AF9BCBD3}"
EndProject
Project("{FAE04EC0-301F-11D3-BF4B-00C04F79EFBC}") = "08.ExtractSentences", "08.ExtractSentences\08.ExtractSentences.csproj", "{8F1249A5-A416-4617-A4E2-C8F2094DD1EE}"
EndProject
Project("{FAE04EC0-301F-11D3-BF4B-00C04F79EFBC}") = "09.ForbiddenWords", "09.ForbiddenWords\09.ForbiddenWords.csproj", "{EA7142FD-E998-48FD-8543-0E2B0F3FFF62}"
EndProject
Project("{FAE04EC0-301F-11D3-BF4B-00C04F79EFBC}") = "10.UnicodeCharacters", "10.UnicodeCharacters\10.UnicodeCharacters.csproj", "{23DBAB9A-75CF-453D-922F-D2F4A590E55D}"
EndProject
Project("{FAE04EC0-301F-11D3-BF4B-00C04F79EFBC}") = "11.FormatNumber", "11.FormatNumber\11.FormatNumber.csproj", "{D39629D3-FD5E-46FC-9281-93FC6B00ECB2}"
EndProject
Project("{FAE04EC0-301F-11D3-BF4B-00C04F79EFBC}") = "12.ParseURL", "12.ParseURL\12.ParseURL.csproj", "{671D16CB-DED6-4717-9E8E-B4E09C26EA27}"
EndProject
Project("{FAE04EC0-301F-11D3-BF4B-00C04F79EFBC}") = "13.ReverseSentence", "13.ReverseSentence\13.ReverseSentence.csproj", "{7F2E3324-1DA6-4849-8E72-5C4B1546A0B8}"
EndProject
Project("{FAE04EC0-301F-11D3-BF4B-00C04F79EFBC}") = "14.WordAsDictionary", "14.WordAsDictionary\14.WordAsDictionary.csproj", "{DD310E8F-E6FC-42C1-BE98-3C3B70A59C1C}"
EndProject
Project("{FAE04EC0-301F-11D3-BF4B-00C04F79EFBC}") = "15.ReplaceTags", "15.ReplaceTags\15.ReplaceTags.csproj", "{A0B9F51D-18FC-4212-8D7C-522AD43FD77B}"
EndProject
Project("{FAE04EC0-301F-11D3-BF4B-00C04F79EFBC}") = "16.DateDifference", "16.DateDifference\16.DateDifference.csproj", "{4353927D-6E34-46E1-B6DE-828633E3286E}"
EndProject
Project("{FAE04EC0-301F-11D3-BF4B-00C04F79EFBC}") = "17.DateInBulgarian", "17.DateInBulgarian\17.DateInBulgarian.csproj", "{4A2A49C4-37B4-4688-869F-7364B5518DA0}"
EndProject
Project("{FAE04EC0-301F-11D3-BF4B-00C04F79EFBC}") = "18.ExtractEmails", "18.ExtractEmails\18.ExtractEmails.csproj", "{A8C663AF-EF50-460F-9133-C8F65D23B23F}"
EndProject
Project("{FAE04EC0-301F-11D3-BF4B-00C04F79EFBC}") = "19.DatesFromTextInCanada", "19.DatesFromTextInCanada\19.DatesFromTextInCanada.csproj", "{2543DEA2-D7BA-4771-B85A-6C66434EC7C5}"
EndProject
Project("{FAE04EC0-301F-11D3-BF4B-00C04F79EFBC}") = "20.Palindromes", "20.Palindromes\20.Palindromes.csproj", "{ADA89FB3-BB9A-441B-A609-585FFEE798C5}"
EndProject
Project("{FAE04EC0-301F-11D3-BF4B-00C04F79EFBC}") = "21.LettersCount", "21.LettersCount\21.LettersCount.csproj", "{73F46385-3E28-4017-B76A-3D0BED9225BC}"
EndProject
Project("{FAE04EC0-301F-11D3-BF4B-00C04F79EFBC}") = "22.WordsCount", "22.WordsCount\22.WordsCount.csproj", "{BF1179E5-6C4A-46D1-AA14-DACCF9C0FC57}"
EndProject
Project("{FAE04EC0-301F-11D3-BF4B-00C04F79EFBC}") = "23.SeriesOfLetters", "23.SeriesOfLetters\23.SeriesOfLetters.csproj", "{B1240479-6CC8-4362-89FB-2E1774132BCB}"
EndProject
Project("{FAE04EC0-301F-11D3-BF4B-00C04F79EFBC}") = "24.OrderWords", "24.OrderWords\24.OrderWords.csproj", "{B350A396-FF58-4936-9E0F-C5C4C71FB7C0}"
EndProject
Project("{FAE04EC0-301F-11D3-BF4B-00C04F79EFBC}") = "25.ExtractTextFromHTML", "25.ExtractTextFromHTML\25.ExtractTextFromHTML.csproj", "{8894399D-F08D-444B-AF23-361EC7828C81}"
EndProject
Global
	GlobalSection(SolutionConfigurationPlatforms) = preSolution
		Debug|Any CPU = Debug|Any CPU
		Release|Any CPU = Release|Any CPU
	EndGlobalSection
	GlobalSection(ProjectConfigurationPlatforms) = postSolution
		{B910B414-9532-4148-AD45-A0F89921CC69}.Debug|Any CPU.ActiveCfg = Debug|Any CPU
		{B910B414-9532-4148-AD45-A0F89921CC69}.Debug|Any CPU.Build.0 = Debug|Any CPU
		{B910B414-9532-4148-AD45-A0F89921CC69}.Release|Any CPU.ActiveCfg = Release|Any CPU
		{B910B414-9532-4148-AD45-A0F89921CC69}.Release|Any CPU.Build.0 = Release|Any CPU
		{CD87B532-D6F1-470A-95E4-6CDE907C57FD}.Debug|Any CPU.ActiveCfg = Debug|Any CPU
		{CD87B532-D6F1-470A-95E4-6CDE907C57FD}.Debug|Any CPU.Build.0 = Debug|Any CPU
		{CD87B532-D6F1-470A-95E4-6CDE907C57FD}.Release|Any CPU.ActiveCfg = Release|Any CPU
		{CD87B532-D6F1-470A-95E4-6CDE907C57FD}.Release|Any CPU.Build.0 = Release|Any CPU
		{B9166FAF-EA43-45DB-8508-DE2388DEE28C}.Debug|Any CPU.ActiveCfg = Debug|Any CPU
		{B9166FAF-EA43-45DB-8508-DE2388DEE28C}.Debug|Any CPU.Build.0 = Debug|Any CPU
		{B9166FAF-EA43-45DB-8508-DE2388DEE28C}.Release|Any CPU.ActiveCfg = Release|Any CPU
		{B9166FAF-EA43-45DB-8508-DE2388DEE28C}.Release|Any CPU.Build.0 = Release|Any CPU
		{8701A279-2869-49DF-8723-BE0E4A616833}.Debug|Any CPU.ActiveCfg = Debug|Any CPU
		{8701A279-2869-49DF-8723-BE0E4A616833}.Debug|Any CPU.Build.0 = Debug|Any CPU
		{8701A279-2869-49DF-8723-BE0E4A616833}.Release|Any CPU.ActiveCfg = Release|Any CPU
		{8701A279-2869-49DF-8723-BE0E4A616833}.Release|Any CPU.Build.0 = Release|Any CPU
		{93E9635A-5E1B-4801-869A-E970C6034E7A}.Debug|Any CPU.ActiveCfg = Debug|Any CPU
		{93E9635A-5E1B-4801-869A-E970C6034E7A}.Debug|Any CPU.Build.0 = Debug|Any CPU
		{93E9635A-5E1B-4801-869A-E970C6034E7A}.Release|Any CPU.ActiveCfg = Release|Any CPU
		{93E9635A-5E1B-4801-869A-E970C6034E7A}.Release|Any CPU.Build.0 = Release|Any CPU
		{0A5B9A67-3A1B-4450-B713-DF372DBCB821}.Debug|Any CPU.ActiveCfg = Debug|Any CPU
		{0A5B9A67-3A1B-4450-B713-DF372DBCB821}.Debug|Any CPU.Build.0 = Debug|Any CPU
		{0A5B9A67-3A1B-4450-B713-DF372DBCB821}.Release|Any CPU.ActiveCfg = Release|Any CPU
		{0A5B9A67-3A1B-4450-B713-DF372DBCB821}.Release|Any CPU.Build.0 = Release|Any CPU
		{1241162A-5CF8-4BE5-AEF0-3000AF9BCBD3}.Debug|Any CPU.ActiveCfg = Debug|Any CPU
		{1241162A-5CF8-4BE5-AEF0-3000AF9BCBD3}.Debug|Any CPU.Build.0 = Debug|Any CPU
		{1241162A-5CF8-4BE5-AEF0-3000AF9BCBD3}.Release|Any CPU.ActiveCfg = Release|Any CPU
		{1241162A-5CF8-4BE5-AEF0-3000AF9BCBD3}.Release|Any CPU.Build.0 = Release|Any CPU
		{8F1249A5-A416-4617-A4E2-C8F2094DD1EE}.Debug|Any CPU.ActiveCfg = Debug|Any CPU
		{8F1249A5-A416-4617-A4E2-C8F2094DD1EE}.Debug|Any CPU.Build.0 = Debug|Any CPU
		{8F1249A5-A416-4617-A4E2-C8F2094DD1EE}.Release|Any CPU.ActiveCfg = Release|Any CPU
		{8F1249A5-A416-4617-A4E2-C8F2094DD1EE}.Release|Any CPU.Build.0 = Release|Any CPU
		{EA7142FD-E998-48FD-8543-0E2B0F3FFF62}.Debug|Any CPU.ActiveCfg = Debug|Any CPU
		{EA7142FD-E998-48FD-8543-0E2B0F3FFF62}.Debug|Any CPU.Build.0 = Debug|Any CPU
		{EA7142FD-E998-48FD-8543-0E2B0F3FFF62}.Release|Any CPU.ActiveCfg = Release|Any CPU
		{EA7142FD-E998-48FD-8543-0E2B0F3FFF62}.Release|Any CPU.Build.0 = Release|Any CPU
		{23DBAB9A-75CF-453D-922F-D2F4A590E55D}.Debug|Any CPU.ActiveCfg = Debug|Any CPU
		{23DBAB9A-75CF-453D-922F-D2F4A590E55D}.Debug|Any CPU.Build.0 = Debug|Any CPU
		{23DBAB9A-75CF-453D-922F-D2F4A590E55D}.Release|Any CPU.ActiveCfg = Release|Any CPU
		{23DBAB9A-75CF-453D-922F-D2F4A590E55D}.Release|Any CPU.Build.0 = Release|Any CPU
		{D39629D3-FD5E-46FC-9281-93FC6B00ECB2}.Debug|Any CPU.ActiveCfg = Debug|Any CPU
		{D39629D3-FD5E-46FC-9281-93FC6B00ECB2}.Debug|Any CPU.Build.0 = Debug|Any CPU
		{D39629D3-FD5E-46FC-9281-93FC6B00ECB2}.Release|Any CPU.ActiveCfg = Release|Any CPU
		{D39629D3-FD5E-46FC-9281-93FC6B00ECB2}.Release|Any CPU.Build.0 = Release|Any CPU
		{671D16CB-DED6-4717-9E8E-B4E09C26EA27}.Debug|Any CPU.ActiveCfg = Debug|Any CPU
		{671D16CB-DED6-4717-9E8E-B4E09C26EA27}.Debug|Any CPU.Build.0 = Debug|Any CPU
		{671D16CB-DED6-4717-9E8E-B4E09C26EA27}.Release|Any CPU.ActiveCfg = Release|Any CPU
		{671D16CB-DED6-4717-9E8E-B4E09C26EA27}.Release|Any CPU.Build.0 = Release|Any CPU
		{7F2E3324-1DA6-4849-8E72-5C4B1546A0B8}.Debug|Any CPU.ActiveCfg = Debug|Any CPU
		{7F2E3324-1DA6-4849-8E72-5C4B1546A0B8}.Debug|Any CPU.Build.0 = Debug|Any CPU
		{7F2E3324-1DA6-4849-8E72-5C4B1546A0B8}.Release|Any CPU.ActiveCfg = Release|Any CPU
		{7F2E3324-1DA6-4849-8E72-5C4B1546A0B8}.Release|Any CPU.Build.0 = Release|Any CPU
		{DD310E8F-E6FC-42C1-BE98-3C3B70A59C1C}.Debug|Any CPU.ActiveCfg = Debug|Any CPU
		{DD310E8F-E6FC-42C1-BE98-3C3B70A59C1C}.Debug|Any CPU.Build.0 = Debug|Any CPU
		{DD310E8F-E6FC-42C1-BE98-3C3B70A59C1C}.Release|Any CPU.ActiveCfg = Release|Any CPU
		{DD310E8F-E6FC-42C1-BE98-3C3B70A59C1C}.Release|Any CPU.Build.0 = Release|Any CPU
		{A0B9F51D-18FC-4212-8D7C-522AD43FD77B}.Debug|Any CPU.ActiveCfg = Debug|Any CPU
		{A0B9F51D-18FC-4212-8D7C-522AD43FD77B}.Debug|Any CPU.Build.0 = Debug|Any CPU
		{A0B9F51D-18FC-4212-8D7C-522AD43FD77B}.Release|Any CPU.ActiveCfg = Release|Any CPU
		{A0B9F51D-18FC-4212-8D7C-522AD43FD77B}.Release|Any CPU.Build.0 = Release|Any CPU
		{4353927D-6E34-46E1-B6DE-828633E3286E}.Debug|Any CPU.ActiveCfg = Debug|Any CPU
		{4353927D-6E34-46E1-B6DE-828633E3286E}.Debug|Any CPU.Build.0 = Debug|Any CPU
		{4353927D-6E34-46E1-B6DE-828633E3286E}.Release|Any CPU.ActiveCfg = Release|Any CPU
		{4353927D-6E34-46E1-B6DE-828633E3286E}.Release|Any CPU.Build.0 = Release|Any CPU
		{4A2A49C4-37B4-4688-869F-7364B5518DA0}.Debug|Any CPU.ActiveCfg = Debug|Any CPU
		{4A2A49C4-37B4-4688-869F-7364B5518DA0}.Debug|Any CPU.Build.0 = Debug|Any CPU
		{4A2A49C4-37B4-4688-869F-7364B5518DA0}.Release|Any CPU.ActiveCfg = Release|Any CPU
		{4A2A49C4-37B4-4688-869F-7364B5518DA0}.Release|Any CPU.Build.0 = Release|Any CPU
		{A8C663AF-EF50-460F-9133-C8F65D23B23F}.Debug|Any CPU.ActiveCfg = Debug|Any CPU
		{A8C663AF-EF50-460F-9133-C8F65D23B23F}.Debug|Any CPU.Build.0 = Debug|Any CPU
		{A8C663AF-EF50-460F-9133-C8F65D23B23F}.Release|Any CPU.ActiveCfg = Release|Any CPU
		{A8C663AF-EF50-460F-9133-C8F65D23B23F}.Release|Any CPU.Build.0 = Release|Any CPU
		{2543DEA2-D7BA-4771-B85A-6C66434EC7C5}.Debug|Any CPU.ActiveCfg = Debug|Any CPU
		{2543DEA2-D7BA-4771-B85A-6C66434EC7C5}.Debug|Any CPU.Build.0 = Debug|Any CPU
		{2543DEA2-D7BA-4771-B85A-6C66434EC7C5}.Release|Any CPU.ActiveCfg = Release|Any CPU
		{2543DEA2-D7BA-4771-B85A-6C66434EC7C5}.Release|Any CPU.Build.0 = Release|Any CPU
		{ADA89FB3-BB9A-441B-A609-585FFEE798C5}.Debug|Any CPU.ActiveCfg = Debug|Any CPU
		{ADA89FB3-BB9A-441B-A609-585FFEE798C5}.Debug|Any CPU.Build.0 = Debug|Any CPU
		{ADA89FB3-BB9A-441B-A609-585FFEE798C5}.Release|Any CPU.ActiveCfg = Release|Any CPU
		{ADA89FB3-BB9A-441B-A609-585FFEE798C5}.Release|Any CPU.Build.0 = Release|Any CPU
		{73F46385-3E28-4017-B76A-3D0BED9225BC}.Debug|Any CPU.ActiveCfg = Debug|Any CPU
		{73F46385-3E28-4017-B76A-3D0BED9225BC}.Debug|Any CPU.Build.0 = Debug|Any CPU
		{73F46385-3E28-4017-B76A-3D0BED9225BC}.Release|Any CPU.ActiveCfg = Release|Any CPU
		{73F46385-3E28-4017-B76A-3D0BED9225BC}.Release|Any CPU.Build.0 = Release|Any CPU
		{BF1179E5-6C4A-46D1-AA14-DACCF9C0FC57}.Debug|Any CPU.ActiveCfg = Debug|Any CPU
		{BF1179E5-6C4A-46D1-AA14-DACCF9C0FC57}.Debug|Any CPU.Build.0 = Debug|Any CPU
		{BF1179E5-6C4A-46D1-AA14-DACCF9C0FC57}.Release|Any CPU.ActiveCfg = Release|Any CPU
		{BF1179E5-6C4A-46D1-AA14-DACCF9C0FC57}.Release|Any CPU.Build.0 = Release|Any CPU
		{B1240479-6CC8-4362-89FB-2E1774132BCB}.Debug|Any CPU.ActiveCfg = Debug|Any CPU
		{B1240479-6CC8-4362-89FB-2E1774132BCB}.Debug|Any CPU.Build.0 = Debug|Any CPU
		{B1240479-6CC8-4362-89FB-2E1774132BCB}.Release|Any CPU.ActiveCfg = Release|Any CPU
		{B1240479-6CC8-4362-89FB-2E1774132BCB}.Release|Any CPU.Build.0 = Release|Any CPU
		{B350A396-FF58-4936-9E0F-C5C4C71FB7C0}.Debug|Any CPU.ActiveCfg = Debug|Any CPU
		{B350A396-FF58-4936-9E0F-C5C4C71FB7C0}.Debug|Any CPU.Build.0 = Debug|Any CPU
		{B350A396-FF58-4936-9E0F-C5C4C71FB7C0}.Release|Any CPU.ActiveCfg = Release|Any CPU
		{B350A396-FF58-4936-9E0F-C5C4C71FB7C0}.Release|Any CPU.Build.0 = Release|Any CPU
		{8894399D-F08D-444B-AF23-361EC7828C81}.Debug|Any CPU.ActiveCfg = Debug|Any CPU
		{8894399D-F08D-444B-AF23-361EC7828C81}.Debug|Any CPU.Build.0 = Debug|Any CPU
		{8894399D-F08D-444B-AF23-361EC7828C81}.Release|Any CPU.ActiveCfg = Release|Any CPU
		{8894399D-F08D-444B-AF23-361EC7828C81}.Release|Any CPU.Build.0 = Release|Any CPU
	EndGlobalSection
	GlobalSection(SolutionProperties) = preSolution
		HideSolutionNode = FALSE
	EndGlobalSection
EndGlobal
