
Microsoft Visual Studio Solution File, Format Version 12.00
# Visual Studio 2013
VisualStudioVersion = 12.0.31101.0
MinimumVisualStudioVersion = 10.0.40219.1
Project("{FAE04EC0-301F-11D3-BF4B-00C04F79EFBC}") = "01.DecimalToBinary", "01.DecimalToBinary\01.DecimalToBinary.csproj", "{72D3A1A3-B90C-46EE-93B1-767EFCFD1CE3}"
EndProject
Project("{FAE04EC0-301F-11D3-BF4B-00C04F79EFBC}") = "02.BinaryToDecimal", "02.BinaryToDecimal\02.BinaryToDecimal.csproj", "{51317597-9307-4CC9-A4CE-1E2666541F67}"
EndProject
Project("{FAE04EC0-301F-11D3-BF4B-00C04F79EFBC}") = "03.DecimalToHexadecimal", "03.DecimalToHexadecimal\03.DecimalToHexadecimal.csproj", "{FAB1330D-84D4-4E28-B3D6-4B6C6C63E4F6}"
EndProject
Project("{FAE04EC0-301F-11D3-BF4B-00C04F79EFBC}") = "04.HexadecimalToDecimal", "04.HexadecimalToDecimal\04.HexadecimalToDecimal.csproj", "{0F1E2016-DF7C-4488-94F0-B837EE6FD899}"
EndProject
Project("{FAE04EC0-301F-11D3-BF4B-00C04F79EFBC}") = "05.HexadecimalToBinary", "05.HexadecimalToBinary\05.HexadecimalToBinary.csproj", "{6D49453F-4F96-4C3B-B73A-37CAB66DE1C4}"
EndProject
Project("{FAE04EC0-301F-11D3-BF4B-00C04F79EFBC}") = "06.BinaryToHexadecimal", "06.BinaryToHexadecimal\06.BinaryToHexadecimal.csproj", "{4540E168-1716-4100-B7A1-569830F97133}"
EndProject
Project("{FAE04EC0-301F-11D3-BF4B-00C04F79EFBC}") = "07.OneSystemToAnyOther", "07.OneSystemToAnyOther\07.OneSystemToAnyOther.csproj", "{F206B692-7D10-4370-8EDA-403294758936}"
EndProject
Project("{FAE04EC0-301F-11D3-BF4B-00C04F79EFBC}") = "08.BinaryShort", "08.BinaryShort\08.BinaryShort.csproj", "{9351ADD0-ABAB-4B86-9B24-534A7525E3A5}"
EndProject
Global
	GlobalSection(SolutionConfigurationPlatforms) = preSolution
		Debug|Any CPU = Debug|Any CPU
		Release|Any CPU = Release|Any CPU
	EndGlobalSection
	GlobalSection(ProjectConfigurationPlatforms) = postSolution
		{72D3A1A3-B90C-46EE-93B1-767EFCFD1CE3}.Debug|Any CPU.ActiveCfg = Debug|Any CPU
		{72D3A1A3-B90C-46EE-93B1-767EFCFD1CE3}.Debug|Any CPU.Build.0 = Debug|Any CPU
		{72D3A1A3-B90C-46EE-93B1-767EFCFD1CE3}.Release|Any CPU.ActiveCfg = Release|Any CPU
		{72D3A1A3-B90C-46EE-93B1-767EFCFD1CE3}.Release|Any CPU.Build.0 = Release|Any CPU
		{51317597-9307-4CC9-A4CE-1E2666541F67}.Debug|Any CPU.ActiveCfg = Debug|Any CPU
		{51317597-9307-4CC9-A4CE-1E2666541F67}.Debug|Any CPU.Build.0 = Debug|Any CPU
		{51317597-9307-4CC9-A4CE-1E2666541F67}.Release|Any CPU.ActiveCfg = Release|Any CPU
		{51317597-9307-4CC9-A4CE-1E2666541F67}.Release|Any CPU.Build.0 = Release|Any CPU
		{FAB1330D-84D4-4E28-B3D6-4B6C6C63E4F6}.Debug|Any CPU.ActiveCfg = Debug|Any CPU
		{FAB1330D-84D4-4E28-B3D6-4B6C6C63E4F6}.Debug|Any CPU.Build.0 = Debug|Any CPU
		{FAB1330D-84D4-4E28-B3D6-4B6C6C63E4F6}.Release|Any CPU.ActiveCfg = Release|Any CPU
		{FAB1330D-84D4-4E28-B3D6-4B6C6C63E4F6}.Release|Any CPU.Build.0 = Release|Any CPU
		{0F1E2016-DF7C-4488-94F0-B837EE6FD899}.Debug|Any CPU.ActiveCfg = Debug|Any CPU
		{0F1E2016-DF7C-4488-94F0-B837EE6FD899}.Debug|Any CPU.Build.0 = Debug|Any CPU
		{0F1E2016-DF7C-4488-94F0-B837EE6FD899}.Release|Any CPU.ActiveCfg = Release|Any CPU
		{0F1E2016-DF7C-4488-94F0-B837EE6FD899}.Release|Any CPU.Build.0 = Release|Any CPU
		{6D49453F-4F96-4C3B-B73A-37CAB66DE1C4}.Debug|Any CPU.ActiveCfg = Debug|Any CPU
		{6D49453F-4F96-4C3B-B73A-37CAB66DE1C4}.Debug|Any CPU.Build.0 = Debug|Any CPU
		{6D49453F-4F96-4C3B-B73A-37CAB66DE1C4}.Release|Any CPU.ActiveCfg = Release|Any CPU
		{6D49453F-4F96-4C3B-B73A-37CAB66DE1C4}.Release|Any CPU.Build.0 = Release|Any CPU
		{4540E168-1716-4100-B7A1-569830F97133}.Debug|Any CPU.ActiveCfg = Debug|Any CPU
		{4540E168-1716-4100-B7A1-569830F97133}.Debug|Any CPU.Build.0 = Debug|Any CPU
		{4540E168-1716-4100-B7A1-569830F97133}.Release|Any CPU.ActiveCfg = Release|Any CPU
		{4540E168-1716-4100-B7A1-569830F97133}.Release|Any CPU.Build.0 = Release|Any CPU
		{F206B692-7D10-4370-8EDA-403294758936}.Debug|Any CPU.ActiveCfg = Debug|Any CPU
		{F206B692-7D10-4370-8EDA-403294758936}.Debug|Any CPU.Build.0 = Debug|Any CPU
		{F206B692-7D10-4370-8EDA-403294758936}.Release|Any CPU.ActiveCfg = Release|Any CPU
		{F206B692-7D10-4370-8EDA-403294758936}.Release|Any CPU.Build.0 = Release|Any CPU
		{9351ADD0-ABAB-4B86-9B24-534A7525E3A5}.Debug|Any CPU.ActiveCfg = Debug|Any CPU
		{9351ADD0-ABAB-4B86-9B24-534A7525E3A5}.Debug|Any CPU.Build.0 = Debug|Any CPU
		{9351ADD0-ABAB-4B86-9B24-534A7525E3A5}.Release|Any CPU.ActiveCfg = Release|Any CPU
		{9351ADD0-ABAB-4B86-9B24-534A7525E3A5}.Release|Any CPU.Build.0 = Release|Any CPU
	EndGlobalSection
	GlobalSection(SolutionProperties) = preSolution
		HideSolutionNode = FALSE
	EndGlobalSection
EndGlobal
